// !$*UTF8*$!
{
	archiveVersion = 1;
	classes = {
	};
	objectVersion = 48;
	objects = {

/* Begin PBXBuildFile section */
		990490E31FB48F2A00BE3E2F /* AppDelegate.swift in Sources */ = {isa = PBXBuildFile; fileRef = 990490E21FB48F2A00BE3E2F /* AppDelegate.swift */; };
		990490EA1FB48F2A00BE3E2F /* Assets.xcassets in Resources */ = {isa = PBXBuildFile; fileRef = 990490E91FB48F2A00BE3E2F /* Assets.xcassets */; };
		990490ED1FB48F2A00BE3E2F /* LaunchScreen.storyboard in Resources */ = {isa = PBXBuildFile; fileRef = 990490EB1FB48F2A00BE3E2F /* LaunchScreen.storyboard */; };
		992AC2E51FB705B30054E711 /* Api.swift in Sources */ = {isa = PBXBuildFile; fileRef = 992AC2E41FB705B30054E711 /* Api.swift */; };
		992AC2E71FB706F00054E711 /* FakeApi.swift in Sources */ = {isa = PBXBuildFile; fileRef = 992AC2E61FB706F00054E711 /* FakeApi.swift */; };
		99A07D701FB583F100ABC308 /* Item.swift in Sources */ = {isa = PBXBuildFile; fileRef = 99A07D6F1FB583F100ABC308 /* Item.swift */; };
		99A07D721FB5840500ABC308 /* Item+Actions.swift in Sources */ = {isa = PBXBuildFile; fileRef = 99A07D711FB5840500ABC308 /* Item+Actions.swift */; };
		99A07D741FB5841500ABC308 /* User.swift in Sources */ = {isa = PBXBuildFile; fileRef = 99A07D731FB5841500ABC308 /* User.swift */; };
		99A07D761FB5842200ABC308 /* Stack+Actions.swift in Sources */ = {isa = PBXBuildFile; fileRef = 99A07D751FB5842200ABC308 /* Stack+Actions.swift */; };
		99A07D781FB5845700ABC308 /* ItemCell.swift in Sources */ = {isa = PBXBuildFile; fileRef = 99A07D771FB5845700ABC308 /* ItemCell.swift */; };
		99A07D801FB5863C00ABC308 /* Stevia.framework in Frameworks */ = {isa = PBXBuildFile; fileRef = 99A07D7F1FB5863C00ABC308 /* Stevia.framework */; };
		99A07D821FB5866E00ABC308 /* ItemCell+Item.swift in Sources */ = {isa = PBXBuildFile; fileRef = 99A07D811FB5866E00ABC308 /* ItemCell+Item.swift */; };
		99A07D841FB586CD00ABC308 /* ItemView.swift in Sources */ = {isa = PBXBuildFile; fileRef = 99A07D831FB586CD00ABC308 /* ItemView.swift */; };
		99A07D871FB5876100ABC308 /* ItemVC.swift in Sources */ = {isa = PBXBuildFile; fileRef = 99A07D861FB5876100ABC308 /* ItemVC.swift */; };
		99D53ED81FB58050000F286D /* MoreVC.swift in Sources */ = {isa = PBXBuildFile; fileRef = 99D53ED71FB58050000F286D /* MoreVC.swift */; };
		99D53EDA1FB583A4000F286D /* StackVC.swift in Sources */ = {isa = PBXBuildFile; fileRef = 99D53ED91FB583A4000F286D /* StackVC.swift */; };
/* End PBXBuildFile section */

/* Begin PBXFileReference section */
		990490DF1FB48F2A00BE3E2F /* HappyStack.app */ = {isa = PBXFileReference; explicitFileType = wrapper.application; includeInIndex = 0; path = HappyStack.app; sourceTree = BUILT_PRODUCTS_DIR; };
		990490E21FB48F2A00BE3E2F /* AppDelegate.swift */ = {isa = PBXFileReference; lastKnownFileType = sourcecode.swift; path = AppDelegate.swift; sourceTree = "<group>"; };
		990490E91FB48F2A00BE3E2F /* Assets.xcassets */ = {isa = PBXFileReference; lastKnownFileType = folder.assetcatalog; path = Assets.xcassets; sourceTree = "<group>"; };
		990490EC1FB48F2A00BE3E2F /* Base */ = {isa = PBXFileReference; lastKnownFileType = file.storyboard; name = Base; path = Base.lproj/LaunchScreen.storyboard; sourceTree = "<group>"; };
		990490EE1FB48F2A00BE3E2F /* Info.plist */ = {isa = PBXFileReference; lastKnownFileType = text.plist.xml; path = Info.plist; sourceTree = "<group>"; };
		992AC2E41FB705B30054E711 /* Api.swift */ = {isa = PBXFileReference; lastKnownFileType = sourcecode.swift; path = Api.swift; sourceTree = "<group>"; };
		992AC2E61FB706F00054E711 /* FakeApi.swift */ = {isa = PBXFileReference; lastKnownFileType = sourcecode.swift; path = FakeApi.swift; sourceTree = "<group>"; };
		99A07D6F1FB583F100ABC308 /* Item.swift */ = {isa = PBXFileReference; lastKnownFileType = sourcecode.swift; path = Item.swift; sourceTree = "<group>"; };
		99A07D711FB5840500ABC308 /* Item+Actions.swift */ = {isa = PBXFileReference; lastKnownFileType = sourcecode.swift; path = "Item+Actions.swift"; sourceTree = "<group>"; };
		99A07D731FB5841500ABC308 /* User.swift */ = {isa = PBXFileReference; lastKnownFileType = sourcecode.swift; path = User.swift; sourceTree = "<group>"; };
		99A07D751FB5842200ABC308 /* Stack+Actions.swift */ = {isa = PBXFileReference; lastKnownFileType = sourcecode.swift; path = "Stack+Actions.swift"; sourceTree = "<group>"; };
		99A07D771FB5845700ABC308 /* ItemCell.swift */ = {isa = PBXFileReference; lastKnownFileType = sourcecode.swift; path = ItemCell.swift; sourceTree = "<group>"; };
		99A07D7F1FB5863C00ABC308 /* Stevia.framework */ = {isa = PBXFileReference; lastKnownFileType = wrapper.framework; name = Stevia.framework; path = Carthage/Build/iOS/Stevia.framework; sourceTree = "<group>"; };
		99A07D811FB5866E00ABC308 /* ItemCell+Item.swift */ = {isa = PBXFileReference; lastKnownFileType = sourcecode.swift; path = "ItemCell+Item.swift"; sourceTree = "<group>"; };
		99A07D831FB586CD00ABC308 /* ItemView.swift */ = {isa = PBXFileReference; lastKnownFileType = sourcecode.swift; path = ItemView.swift; sourceTree = "<group>"; };
		99A07D861FB5876100ABC308 /* ItemVC.swift */ = {isa = PBXFileReference; lastKnownFileType = sourcecode.swift; path = ItemVC.swift; sourceTree = "<group>"; };
		99D53ED71FB58050000F286D /* MoreVC.swift */ = {isa = PBXFileReference; lastKnownFileType = sourcecode.swift; path = MoreVC.swift; sourceTree = "<group>"; };
		99D53ED91FB583A4000F286D /* StackVC.swift */ = {isa = PBXFileReference; lastKnownFileType = sourcecode.swift; path = StackVC.swift; sourceTree = "<group>"; };
/* End PBXFileReference section */

/* Begin PBXFrameworksBuildPhase section */
		990490DC1FB48F2A00BE3E2F /* Frameworks */ = {
			isa = PBXFrameworksBuildPhase;
			buildActionMask = 2147483647;
			files = (
				99A07D801FB5863C00ABC308 /* Stevia.framework in Frameworks */,
			);
			runOnlyForDeploymentPostprocessing = 0;
		};
/* End PBXFrameworksBuildPhase section */

/* Begin PBXGroup section */
		990490D61FB48F2A00BE3E2F = {
			isa = PBXGroup;
			children = (
				990490E11FB48F2A00BE3E2F /* HappyStack */,
				990490E01FB48F2A00BE3E2F /* Products */,
				99A07D7E1FB5863C00ABC308 /* Frameworks */,
			);
			sourceTree = "<group>";
		};
		990490E01FB48F2A00BE3E2F /* Products */ = {
			isa = PBXGroup;
			children = (
				990490DF1FB48F2A00BE3E2F /* HappyStack.app */,
			);
			name = Products;
			sourceTree = "<group>";
		};
		990490E11FB48F2A00BE3E2F /* HappyStack */ = {
			isa = PBXGroup;
			children = (
				990490E21FB48F2A00BE3E2F /* AppDelegate.swift */,
				992AC2E41FB705B30054E711 /* Api.swift */,
				992AC2E61FB706F00054E711 /* FakeApi.swift */,
				99A07D791FB5846800ABC308 /* Stack */,
				99A07D851FB5875000ABC308 /* Item */,
				99A07D7C1FB5849700ABC308 /* Models */,
				99A07D7A1FB5847200ABC308 /* More */,
				99A07D7B1FB5848000ABC308 /* Actions */,
				990490E91FB48F2A00BE3E2F /* Assets.xcassets */,
				990490EB1FB48F2A00BE3E2F /* LaunchScreen.storyboard */,
				990490EE1FB48F2A00BE3E2F /* Info.plist */,
			);
			path = HappyStack;
			sourceTree = "<group>";
		};
		99A07D791FB5846800ABC308 /* Stack */ = {
			isa = PBXGroup;
			children = (
				99D53ED91FB583A4000F286D /* StackVC.swift */,
				99A07D771FB5845700ABC308 /* ItemCell.swift */,
				99A07D811FB5866E00ABC308 /* ItemCell+Item.swift */,
			);
			path = Stack;
			sourceTree = "<group>";
		};
		99A07D7A1FB5847200ABC308 /* More */ = {
			isa = PBXGroup;
			children = (
				99D53ED71FB58050000F286D /* MoreVC.swift */,
			);
			path = More;
			sourceTree = "<group>";
		};
		99A07D7B1FB5848000ABC308 /* Actions */ = {
			isa = PBXGroup;
			children = (
				99A07D711FB5840500ABC308 /* Item+Actions.swift */,
				99A07D751FB5842200ABC308 /* Stack+Actions.swift */,
			);
			path = Actions;
			sourceTree = "<group>";
		};
		99A07D7C1FB5849700ABC308 /* Models */ = {
			isa = PBXGroup;
			children = (
				99A07D731FB5841500ABC308 /* User.swift */,
				99A07D6F1FB583F100ABC308 /* Item.swift */,
			);
			path = Models;
			sourceTree = "<group>";
		};
		99A07D7E1FB5863C00ABC308 /* Frameworks */ = {
			isa = PBXGroup;
			children = (
				99A07D7F1FB5863C00ABC308 /* Stevia.framework */,
			);
			name = Frameworks;
			sourceTree = "<group>";
		};
		99A07D851FB5875000ABC308 /* Item */ = {
			isa = PBXGroup;
			children = (
				99A07D831FB586CD00ABC308 /* ItemView.swift */,
				99A07D861FB5876100ABC308 /* ItemVC.swift */,
			);
			path = Item;
			sourceTree = "<group>";
		};
/* End PBXGroup section */

/* Begin PBXNativeTarget section */
		990490DE1FB48F2A00BE3E2F /* HappyStack */ = {
			isa = PBXNativeTarget;
			buildConfigurationList = 990490F11FB48F2A00BE3E2F /* Build configuration list for PBXNativeTarget "HappyStack" */;
			buildPhases = (
				990490DB1FB48F2A00BE3E2F /* Sources */,
				990490DC1FB48F2A00BE3E2F /* Frameworks */,
				990490DD1FB48F2A00BE3E2F /* Resources */,
				99A07D7D1FB585AB00ABC308 /* ShellScript */,
			);
			buildRules = (
			);
			dependencies = (
			);
			name = HappyStack;
			productName = HappyStack;
			productReference = 990490DF1FB48F2A00BE3E2F /* HappyStack.app */;
			productType = "com.apple.product-type.application";
		};
/* End PBXNativeTarget section */

/* Begin PBXProject section */
		990490D71FB48F2A00BE3E2F /* Project object */ = {
			isa = PBXProject;
			attributes = {
				LastSwiftUpdateCheck = 0900;
				LastUpgradeCheck = 0900;
				ORGANIZATIONNAME = HappyStack;
				TargetAttributes = {
					990490DE1FB48F2A00BE3E2F = {
						CreatedOnToolsVersion = 9.0;
						ProvisioningStyle = Automatic;
					};
				};
			};
			buildConfigurationList = 990490DA1FB48F2A00BE3E2F /* Build configuration list for PBXProject "HappyStack" */;
			compatibilityVersion = "Xcode 8.0";
			developmentRegion = en;
			hasScannedForEncodings = 0;
			knownRegions = (
				en,
				Base,
			);
			mainGroup = 990490D61FB48F2A00BE3E2F;
			productRefGroup = 990490E01FB48F2A00BE3E2F /* Products */;
			projectDirPath = "";
			projectRoot = "";
			targets = (
				990490DE1FB48F2A00BE3E2F /* HappyStack */,
			);
		};
/* End PBXProject section */

/* Begin PBXResourcesBuildPhase section */
		990490DD1FB48F2A00BE3E2F /* Resources */ = {
			isa = PBXResourcesBuildPhase;
			buildActionMask = 2147483647;
			files = (
				990490ED1FB48F2A00BE3E2F /* LaunchScreen.storyboard in Resources */,
				990490EA1FB48F2A00BE3E2F /* Assets.xcassets in Resources */,
			);
			runOnlyForDeploymentPostprocessing = 0;
		};
/* End PBXResourcesBuildPhase section */

/* Begin PBXShellScriptBuildPhase section */
		99A07D7D1FB585AB00ABC308 /* ShellScript */ = {
			isa = PBXShellScriptBuildPhase;
			buildActionMask = 2147483647;
			files = (
			);
			inputPaths = (
				"$(SRCROOT)/Carthage/Build/iOS/Stevia.framework",
			);
			outputPaths = (
				"$(BUILT_PRODUCTS_DIR)/$(FRAMEWORKS_FOLDER_PATH)/Stevia.framework",
			);
			runOnlyForDeploymentPostprocessing = 0;
			shellPath = /bin/sh;
			shellScript = "/usr/local/bin/carthage copy-frameworks";
		};
/* End PBXShellScriptBuildPhase section */

/* Begin PBXSourcesBuildPhase section */
		990490DB1FB48F2A00BE3E2F /* Sources */ = {
			isa = PBXSourcesBuildPhase;
			buildActionMask = 2147483647;
			files = (
				99A07D781FB5845700ABC308 /* ItemCell.swift in Sources */,
				992AC2E71FB706F00054E711 /* FakeApi.swift in Sources */,
				99A07D701FB583F100ABC308 /* Item.swift in Sources */,
				99D53ED81FB58050000F286D /* MoreVC.swift in Sources */,
				99A07D841FB586CD00ABC308 /* ItemView.swift in Sources */,
				99A07D761FB5842200ABC308 /* Stack+Actions.swift in Sources */,
				99A07D871FB5876100ABC308 /* ItemVC.swift in Sources */,
				992AC2E51FB705B30054E711 /* Api.swift in Sources */,
				99A07D821FB5866E00ABC308 /* ItemCell+Item.swift in Sources */,
				99A07D741FB5841500ABC308 /* User.swift in Sources */,
				990490E31FB48F2A00BE3E2F /* AppDelegate.swift in Sources */,
				99A07D721FB5840500ABC308 /* Item+Actions.swift in Sources */,
				99D53EDA1FB583A4000F286D /* StackVC.swift in Sources */,
			);
			runOnlyForDeploymentPostprocessing = 0;
		};
/* End PBXSourcesBuildPhase section */

/* Begin PBXVariantGroup section */
		990490EB1FB48F2A00BE3E2F /* LaunchScreen.storyboard */ = {
			isa = PBXVariantGroup;
			children = (
				990490EC1FB48F2A00BE3E2F /* Base */,
			);
			name = LaunchScreen.storyboard;
			sourceTree = "<group>";
		};
/* End PBXVariantGroup section */

/* Begin XCBuildConfiguration section */
		990490EF1FB48F2A00BE3E2F /* Debug */ = {
			isa = XCBuildConfiguration;
			buildSettings = {
				ALWAYS_SEARCH_USER_PATHS = NO;
				CLANG_ANALYZER_NONNULL = YES;
				CLANG_ANALYZER_NUMBER_OBJECT_CONVERSION = YES_AGGRESSIVE;
				CLANG_CXX_LANGUAGE_STANDARD = "gnu++14";
				CLANG_CXX_LIBRARY = "libc++";
				CLANG_ENABLE_MODULES = YES;
				CLANG_ENABLE_OBJC_ARC = YES;
				CLANG_WARN_BLOCK_CAPTURE_AUTORELEASING = YES;
				CLANG_WARN_BOOL_CONVERSION = YES;
				CLANG_WARN_COMMA = YES;
				CLANG_WARN_CONSTANT_CONVERSION = YES;
				CLANG_WARN_DIRECT_OBJC_ISA_USAGE = YES_ERROR;
				CLANG_WARN_DOCUMENTATION_COMMENTS = YES;
				CLANG_WARN_EMPTY_BODY = YES;
				CLANG_WARN_ENUM_CONVERSION = YES;
				CLANG_WARN_INFINITE_RECURSION = YES;
				CLANG_WARN_INT_CONVERSION = YES;
				CLANG_WARN_NON_LITERAL_NULL_CONVERSION = YES;
				CLANG_WARN_OBJC_LITERAL_CONVERSION = YES;
				CLANG_WARN_OBJC_ROOT_CLASS = YES_ERROR;
				CLANG_WARN_RANGE_LOOP_ANALYSIS = YES;
				CLANG_WARN_STRICT_PROTOTYPES = YES;
				CLANG_WARN_SUSPICIOUS_MOVE = YES;
				CLANG_WARN_UNGUARDED_AVAILABILITY = YES_AGGRESSIVE;
				CLANG_WARN_UNREACHABLE_CODE = YES;
				CLANG_WARN__DUPLICATE_METHOD_MATCH = YES;
				CODE_SIGN_IDENTITY = "iPhone Developer";
				COPY_PHASE_STRIP = NO;
				DEBUG_INFORMATION_FORMAT = dwarf;
				ENABLE_STRICT_OBJC_MSGSEND = YES;
				ENABLE_TESTABILITY = YES;
				GCC_C_LANGUAGE_STANDARD = gnu11;
				GCC_DYNAMIC_NO_PIC = NO;
				GCC_NO_COMMON_BLOCKS = YES;
				GCC_OPTIMIZATION_LEVEL = 0;
				GCC_PREPROCESSOR_DEFINITIONS = (
					"DEBUG=1",
					"$(inherited)",
				);
				GCC_WARN_64_TO_32_BIT_CONVERSION = YES;
				GCC_WARN_ABOUT_RETURN_TYPE = YES_ERROR;
				GCC_WARN_UNDECLARED_SELECTOR = YES;
				GCC_WARN_UNINITIALIZED_AUTOS = YES_AGGRESSIVE;
				GCC_WARN_UNUSED_FUNCTION = YES;
				GCC_WARN_UNUSED_VARIABLE = YES;
				IPHONEOS_DEPLOYMENT_TARGET = 11.0;
				MTL_ENABLE_DEBUG_INFO = YES;
				ONLY_ACTIVE_ARCH = YES;
				SDKROOT = iphoneos;
				SWIFT_ACTIVE_COMPILATION_CONDITIONS = DEBUG;
				SWIFT_OPTIMIZATION_LEVEL = "-Onone";
			};
			name = Debug;
		};
		990490F01FB48F2A00BE3E2F /* Release */ = {
			isa = XCBuildConfiguration;
			buildSettings = {
				ALWAYS_SEARCH_USER_PATHS = NO;
				CLANG_ANALYZER_NONNULL = YES;
				CLANG_ANALYZER_NUMBER_OBJECT_CONVERSION = YES_AGGRESSIVE;
				CLANG_CXX_LANGUAGE_STANDARD = "gnu++14";
				CLANG_CXX_LIBRARY = "libc++";
				CLANG_ENABLE_MODULES = YES;
				CLANG_ENABLE_OBJC_ARC = YES;
				CLANG_WARN_BLOCK_CAPTURE_AUTORELEASING = YES;
				CLANG_WARN_BOOL_CONVERSION = YES;
				CLANG_WARN_COMMA = YES;
				CLANG_WARN_CONSTANT_CONVERSION = YES;
				CLANG_WARN_DIRECT_OBJC_ISA_USAGE = YES_ERROR;
				CLANG_WARN_DOCUMENTATION_COMMENTS = YES;
				CLANG_WARN_EMPTY_BODY = YES;
				CLANG_WARN_ENUM_CONVERSION = YES;
				CLANG_WARN_INFINITE_RECURSION = YES;
				CLANG_WARN_INT_CONVERSION = YES;
				CLANG_WARN_NON_LITERAL_NULL_CONVERSION = YES;
				CLANG_WARN_OBJC_LITERAL_CONVERSION = YES;
				CLANG_WARN_OBJC_ROOT_CLASS = YES_ERROR;
				CLANG_WARN_RANGE_LOOP_ANALYSIS = YES;
				CLANG_WARN_STRICT_PROTOTYPES = YES;
				CLANG_WARN_SUSPICIOUS_MOVE = YES;
				CLANG_WARN_UNGUARDED_AVAILABILITY = YES_AGGRESSIVE;
				CLANG_WARN_UNREACHABLE_CODE = YES;
				CLANG_WARN__DUPLICATE_METHOD_MATCH = YES;
				CODE_SIGN_IDENTITY = "iPhone Developer";
				COPY_PHASE_STRIP = NO;
				DEBUG_INFORMATION_FORMAT = "dwarf-with-dsym";
				ENABLE_NS_ASSERTIONS = NO;
				ENABLE_STRICT_OBJC_MSGSEND = YES;
				GCC_C_LANGUAGE_STANDARD = gnu11;
				GCC_NO_COMMON_BLOCKS = YES;
				GCC_WARN_64_TO_32_BIT_CONVERSION = YES;
				GCC_WARN_ABOUT_RETURN_TYPE = YES_ERROR;
				GCC_WARN_UNDECLARED_SELECTOR = YES;
				GCC_WARN_UNINITIALIZED_AUTOS = YES_AGGRESSIVE;
				GCC_WARN_UNUSED_FUNCTION = YES;
				GCC_WARN_UNUSED_VARIABLE = YES;
				IPHONEOS_DEPLOYMENT_TARGET = 11.0;
				MTL_ENABLE_DEBUG_INFO = NO;
				SDKROOT = iphoneos;
				SWIFT_OPTIMIZATION_LEVEL = "-Owholemodule";
				VALIDATE_PRODUCT = YES;
			};
			name = Release;
		};
		990490F21FB48F2A00BE3E2F /* Debug */ = {
			isa = XCBuildConfiguration;
			buildSettings = {
				ASSETCATALOG_COMPILER_APPICON_NAME = AppIcon;
				CODE_SIGN_STYLE = Automatic;
				FRAMEWORK_SEARCH_PATHS = (
					"$(inherited)",
					"$(PROJECT_DIR)/Carthage/Build/iOS",
				);
				INFOPLIST_FILE = HappyStack/Info.plist;
				LD_RUNPATH_SEARCH_PATHS = "$(inherited) @executable_path/Frameworks";
				PRODUCT_BUNDLE_IDENTIFIER = com.happystack.HappyStack;
				PRODUCT_NAME = "$(TARGET_NAME)";
				SWIFT_VERSION = 4.0;
				TARGETED_DEVICE_FAMILY = "1,2";
			};
			name = Debug;
		};
		990490F31FB48F2A00BE3E2F /* Release */ = {
			isa = XCBuildConfiguration;
			buildSettings = {
				ASSETCATALOG_COMPILER_APPICON_NAME = AppIcon;
				CODE_SIGN_STYLE = Automatic;
				FRAMEWORK_SEARCH_PATHS = (
					"$(inherited)",
					"$(PROJECT_DIR)/Carthage/Build/iOS",
				);
				INFOPLIST_FILE = HappyStack/Info.plist;
				LD_RUNPATH_SEARCH_PATHS = "$(inherited) @executable_path/Frameworks";
				PRODUCT_BUNDLE_IDENTIFIER = com.happystack.HappyStack;
				PRODUCT_NAME = "$(TARGET_NAME)";
				SWIFT_VERSION = 4.0;
				TARGETED_DEVICE_FAMILY = "1,2";
			};
			name = Release;
		};
/* End XCBuildConfiguration section */

/* Begin XCConfigurationList section */
		990490DA1FB48F2A00BE3E2F /* Build configuration list for PBXProject "HappyStack" */ = {
			isa = XCConfigurationList;
			buildConfigurations = (
				990490EF1FB48F2A00BE3E2F /* Debug */,
				990490F01FB48F2A00BE3E2F /* Release */,
			);
			defaultConfigurationIsVisible = 0;
			defaultConfigurationName = Release;
		};
		990490F11FB48F2A00BE3E2F /* Build configuration list for PBXNativeTarget "HappyStack" */ = {
			isa = XCConfigurationList;
			buildConfigurations = (
				990490F21FB48F2A00BE3E2F /* Debug */,
				990490F31FB48F2A00BE3E2F /* Release */,
			);
			defaultConfigurationIsVisible = 0;
			defaultConfigurationName = Release;
		};
/* End XCConfigurationList section */
	};
	rootObject = 990490D71FB48F2A00BE3E2F /* Project object */;
}
